
Microsoft Visual Studio Solution File, Format Version 12.00
# Visual Studio 15
VisualStudioVersion = 15.0.28010.2026
MinimumVisualStudioVersion = 10.0.40219.1
Project("{FAE04EC0-301F-11D3-BF4B-00C04F79EFBC}") = "Task1", "Task1\Task1.csproj", "{8FF0789A-40EB-4BBC-B506-8C658D8C3CE0}"
EndProject
Project("{FAE04EC0-301F-11D3-BF4B-00C04F79EFBC}") = "Task1Test", "Task1Test\Task1Test.csproj", "{7C921A12-02F8-44A3-A490-13F5DEEBE08C}"
EndProject
Project("{FAE04EC0-301F-11D3-BF4B-00C04F79EFBC}") = "Task2", "Task2\Task2.csproj", "{D226AF9F-BF84-4ACF-8276-B4DFF6CBF62E}"
EndProject
Project("{FAE04EC0-301F-11D3-BF4B-00C04F79EFBC}") = "Task2Test", "Task2Test\Task2Test.csproj", "{F489DCD8-A03E-4CA7-85ED-6A4778DC8E7B}"
EndProject
Global
	GlobalSection(SolutionConfigurationPlatforms) = preSolution
		Debug|Any CPU = Debug|Any CPU
		Release|Any CPU = Release|Any CPU
	EndGlobalSection
	GlobalSection(ProjectConfigurationPlatforms) = postSolution
		{8FF0789A-40EB-4BBC-B506-8C658D8C3CE0}.Debug|Any CPU.ActiveCfg = Debug|Any CPU
		{8FF0789A-40EB-4BBC-B506-8C658D8C3CE0}.Debug|Any CPU.Build.0 = Debug|Any CPU
		{8FF0789A-40EB-4BBC-B506-8C658D8C3CE0}.Release|Any CPU.ActiveCfg = Release|Any CPU
		{8FF0789A-40EB-4BBC-B506-8C658D8C3CE0}.Release|Any CPU.Build.0 = Release|Any CPU
		{7C921A12-02F8-44A3-A490-13F5DEEBE08C}.Debug|Any CPU.ActiveCfg = Debug|Any CPU
		{7C921A12-02F8-44A3-A490-13F5DEEBE08C}.Debug|Any CPU.Build.0 = Debug|Any CPU
		{7C921A12-02F8-44A3-A490-13F5DEEBE08C}.Release|Any CPU.ActiveCfg = Release|Any CPU
		{7C921A12-02F8-44A3-A490-13F5DEEBE08C}.Release|Any CPU.Build.0 = Release|Any CPU
		{D226AF9F-BF84-4ACF-8276-B4DFF6CBF62E}.Debug|Any CPU.ActiveCfg = Debug|Any CPU
		{D226AF9F-BF84-4ACF-8276-B4DFF6CBF62E}.Debug|Any CPU.Build.0 = Debug|Any CPU
		{D226AF9F-BF84-4ACF-8276-B4DFF6CBF62E}.Release|Any CPU.ActiveCfg = Release|Any CPU
		{D226AF9F-BF84-4ACF-8276-B4DFF6CBF62E}.Release|Any CPU.Build.0 = Release|Any CPU
		{F489DCD8-A03E-4CA7-85ED-6A4778DC8E7B}.Debug|Any CPU.ActiveCfg = Debug|Any CPU
		{F489DCD8-A03E-4CA7-85ED-6A4778DC8E7B}.Debug|Any CPU.Build.0 = Debug|Any CPU
		{F489DCD8-A03E-4CA7-85ED-6A4778DC8E7B}.Release|Any CPU.ActiveCfg = Release|Any CPU
		{F489DCD8-A03E-4CA7-85ED-6A4778DC8E7B}.Release|Any CPU.Build.0 = Release|Any CPU
	EndGlobalSection
	GlobalSection(SolutionProperties) = preSolution
		HideSolutionNode = FALSE
	EndGlobalSection
	GlobalSection(ExtensibilityGlobals) = postSolution
		SolutionGuid = {F7A7C89E-C813-417B-826C-229A7B0752DC}
	EndGlobalSection
EndGlobal
